Microsoft Visual Studio Solution File, Format Version 12.00
# Visual Studio Version 17
VisualStudioVersion = 17.5.2.0
MinimumVisualStudioVersion = 10.0.40219.1
Project("{FAE04EC0-301F-11D3-BF4B-00C04F79EFBC}") = "RemittanceTest", "RemittanceTest\RemittanceTest.csproj", "{074E20B2-2A85-9123-12B6-318E85903890}"
EndProject
Global
	GlobalSection(SolutionConfigurationPlatforms) = preSolution
		Debug|Any CPU = Debug|Any CPU
		Release|Any CPU = Release|Any CPU
	EndGlobalSection
	GlobalSection(ProjectConfigurationPlatforms) = postSolution
		{074E20B2-2A85-9123-12B6-318E85903890}.Debug|Any CPU.ActiveCfg = Debug|Any CPU
		{074E20B2-2A85-9123-12B6-318E85903890}.Debug|Any CPU.Build.0 = Debug|Any CPU
		{074E20B2-2A85-9123-12B6-318E85903890}.Release|Any CPU.ActiveCfg = Release|Any CPU
		{074E20B2-2A85-9123-12B6-318E85903890}.Release|Any CPU.Build.0 = Release|Any CPU
	EndGlobalSection
	GlobalSection(SolutionProperties) = preSolution
		HideSolutionNode = FALSE
	EndGlobalSection
	GlobalSection(ExtensibilityGlobals) = postSolution
		SolutionGuid = {B6D033FB-05E9-4017-82F0-407EC785DAC9}
	EndGlobalSection
EndGlobal
